
Microsoft Visual Studio Solution File, Format Version 12.00
# Visual Studio Version 16
VisualStudioVersion = 25.0.1706.14
MinimumVisualStudioVersion = 10.0.40219.1
Project("{FAE04EC0-301F-11D3-BF4B-00C04F79EFBC}") = "PoplarTree", "PoplarTree\PoplarTree.csproj", "{8C505D77-583E-4454-8314-362C4756AB84}"
EndProject
Global
	GlobalSection(SolutionConfigurationPlatforms) = preSolution
		Debug|Any CPU = Debug|Any CPU
		Release|Any CPU = Release|Any CPU
	EndGlobalSection
	GlobalSection(ProjectConfigurationPlatforms) = postSolution
		{8C505D77-583E-4454-8314-362C4756AB84}.Debug|Any CPU.ActiveCfg = Debug|Any CPU
		{8C505D77-583E-4454-8314-362C4756AB84}.Debug|Any CPU.Build.0 = Debug|Any CPU
		{8C505D77-583E-4454-8314-362C4756AB84}.Release|Any CPU.ActiveCfg = Release|Any CPU
		{8C505D77-583E-4454-8314-362C4756AB84}.Release|Any CPU.Build.0 = Release|Any CPU
	EndGlobalSection
	GlobalSection(SolutionProperties) = preSolution
		HideSolutionNode = FALSE
	EndGlobalSection
	GlobalSection(ExtensibilityGlobals) = postSolution
		SolutionGuid = {414F11FD-EFCF-4238-9186-C59FDEE1D789}
	EndGlobalSection
EndGlobal
